
Microsoft Visual Studio Solution File, Format Version 12.00
# Visual Studio 2012
Project("{FAE04EC0-301F-11D3-BF4B-00C04F79EFBC}") = "Server", "Server\Server.csproj", "{2C3CBC0E-A20F-44BA-B1C3-2CB90D52B795}"
EndProject
Global
	GlobalSection(SolutionConfigurationPlatforms) = preSolution
		Debug|Any CPU = Debug|Any CPU
		Release|Any CPU = Release|Any CPU
	EndGlobalSection
	GlobalSection(ProjectConfigurationPlatforms) = postSolution
		{2C3CBC0E-A20F-44BA-B1C3-2CB90D52B795}.Debug|Any CPU.ActiveCfg = Debug|Any CPU
		{2C3CBC0E-A20F-44BA-B1C3-2CB90D52B795}.Debug|Any CPU.Build.0 = Debug|Any CPU
		{2C3CBC0E-A20F-44BA-B1C3-2CB90D52B795}.Release|Any CPU.ActiveCfg = Release|Any CPU
		{2C3CBC0E-A20F-44BA-B1C3-2CB90D52B795}.Release|Any CPU.Build.0 = Release|Any CPU
	EndGlobalSection
	GlobalSection(SolutionProperties) = preSolution
		HideSolutionNode = FALSE
	EndGlobalSection
EndGlobal
